
Microsoft Visual Studio Solution File, Format Version 12.00
# Visual Studio 15
VisualStudioVersion = 15.0.27004.2005
MinimumVisualStudioVersion = 10.0.40219.1
Project("{FAE04EC0-301F-11D3-BF4B-00C04F79EFBC}") = "Passwort-Generator", "Passwort-Generator.csproj", "{37121655-31E2-4124-9A69-3B1B6B820F74}"
EndProject
Global
	GlobalSection(SolutionConfigurationPlatforms) = preSolution
		Debug|Any CPU = Debug|Any CPU
		Release|Any CPU = Release|Any CPU
	EndGlobalSection
	GlobalSection(ProjectConfigurationPlatforms) = postSolution
		{37121655-31E2-4124-9A69-3B1B6B820F74}.Debug|Any CPU.ActiveCfg = Debug|Any CPU
		{37121655-31E2-4124-9A69-3B1B6B820F74}.Debug|Any CPU.Build.0 = Debug|Any CPU
		{37121655-31E2-4124-9A69-3B1B6B820F74}.Release|Any CPU.ActiveCfg = Release|Any CPU
		{37121655-31E2-4124-9A69-3B1B6B820F74}.Release|Any CPU.Build.0 = Release|Any CPU
	EndGlobalSection
	GlobalSection(SolutionProperties) = preSolution
		HideSolutionNode = FALSE
	EndGlobalSection
	GlobalSection(ExtensibilityGlobals) = postSolution
		SolutionGuid = {BF80E349-1515-468C-900B-52EB1A80AECE}
	EndGlobalSection
EndGlobal
